# This is a Gradle generated file for dependency locking.
# Manual edits can break the build and are not advised.
# This file is expected to be part of source control.
com.google.code.findbugs:jsr305:3.0.2
com.google.errorprone:error_prone_annotations:2.2.0
com.google.guava:failureaccess:1.0
com.google.guava:guava:27.0-jre
com.google.guava:listenablefuture:9999.0-empty-to-avoid-conflict-with-guava
com.google.j2objc:j2objc-annotations:1.1
com.googlecode.javaewah:JavaEWAH:1.1.6
com.jcraft:jsch:0.1.54
com.jcraft:jzlib:1.1.1
org.ajoberstar.grgit:grgit-core:3.0.0
org.ajoberstar.grgit:grgit-gradle:3.0.0
org.checkerframework:checker-qual:2.5.2
org.codehaus.mojo:animal-sniffer-annotations:1.17
org.eclipse.jgit:org.eclipse.jgit:5.1.3.201810200350-r
org.slf4j:slf4j-api:1.7.2
