{
    "_global_": {
        "com.github.zafarkhaja:java-semver": {
            "firstLevelTransitive": [
                "org.ajoberstar.reckon:reckon-core",
                "org.ajoberstar.reckon:reckon-core",
                "org.ajoberstar.reckon:reckon-core",
                "org.ajoberstar.reckon:reckon-core",
                "org.ajoberstar.reckon:reckon-core",
                "org.ajoberstar.reckon:reckon-core",
                "org.ajoberstar.reckon:reckon-gradle",
                "org.ajoberstar.reckon:reckon-gradle",
                "org.ajoberstar.reckon:reckon-gradle",
                "org.ajoberstar.reckon:reckon-gradle",
                "org.ajoberstar.reckon:reckon-gradle"
            ],
            "locked": "0.9.0"
        },
        "com.google.guava:guava": {
            "firstLevelTransitive": [
                "org.ajoberstar.reckon:reckon-gradle",
                "org.ajoberstar.reckon:reckon-gradle",
                "org.ajoberstar.reckon:reckon-gradle",
                "org.ajoberstar.reckon:reckon-gradle",
                "org.ajoberstar.reckon:reckon-gradle"
            ],
            "locked": "24.0-jre"
        },
        "org.ajoberstar.reckon:reckon-core": {
            "firstLevelTransitive": [
                "org.ajoberstar.reckon:reckon-gradle",
                "org.ajoberstar.reckon:reckon-gradle",
                "org.ajoberstar.reckon:reckon-gradle",
                "org.ajoberstar.reckon:reckon-gradle",
                "org.ajoberstar.reckon:reckon-gradle"
            ],
            "project": true
        },
        "org.ajoberstar.reckon:reckon-gradle": {
            "project": true
        },
        "org.ajoberstar:grgit": {
            "firstLevelTransitive": [
                "org.ajoberstar.reckon:reckon-core",
                "org.ajoberstar.reckon:reckon-core",
                "org.ajoberstar.reckon:reckon-gradle",
                "org.ajoberstar.reckon:reckon-gradle",
                "org.ajoberstar.reckon:reckon-gradle",
                "org.ajoberstar.reckon:reckon-gradle",
                "org.ajoberstar.reckon:reckon-gradle",
                "org.ajoberstar.reckon:reckon-gradle",
                "org.ajoberstar.reckon:reckon-gradle"
            ],
            "locked": "2.1.1"
        },
        "org.apache.commons:commons-lang3": {
            "firstLevelTransitive": [
                "org.ajoberstar.reckon:reckon-core",
                "org.ajoberstar.reckon:reckon-core",
                "org.ajoberstar.reckon:reckon-core",
                "org.ajoberstar.reckon:reckon-core",
                "org.ajoberstar.reckon:reckon-core",
                "org.ajoberstar.reckon:reckon-core"
            ],
            "locked": "3.7"
        },
        "org.eclipse.jgit:org.eclipse.jgit": {
            "firstLevelTransitive": [
                "org.ajoberstar.reckon:reckon-core",
                "org.ajoberstar.reckon:reckon-core",
                "org.ajoberstar.reckon:reckon-core",
                "org.ajoberstar.reckon:reckon-core",
                "org.ajoberstar.reckon:reckon-core",
                "org.ajoberstar.reckon:reckon-core",
                "org.ajoberstar.reckon:reckon-gradle",
                "org.ajoberstar.reckon:reckon-gradle",
                "org.ajoberstar.reckon:reckon-gradle",
                "org.ajoberstar.reckon:reckon-gradle",
                "org.ajoberstar.reckon:reckon-gradle"
            ],
            "locked": "4.10.0.201712302008-r"
        },
        "org.slf4j:slf4j-api": {
            "firstLevelTransitive": [
                "org.ajoberstar.reckon:reckon-core",
                "org.ajoberstar.reckon:reckon-core",
                "org.ajoberstar.reckon:reckon-core",
                "org.ajoberstar.reckon:reckon-core",
                "org.ajoberstar.reckon:reckon-core",
                "org.ajoberstar.reckon:reckon-core"
            ],
            "locked": "1.7.25"
        },
        "org.slf4j:slf4j-simple": {
            "firstLevelTransitive": [
                "org.ajoberstar.reckon:reckon-core"
            ],
            "locked": "1.7.25"
        },
        "org.spockframework:spock-core": {
            "firstLevelTransitive": [
                "org.ajoberstar.reckon:reckon-core",
                "org.ajoberstar.reckon:reckon-core",
                "org.ajoberstar.reckon:reckon-gradle",
                "org.ajoberstar.reckon:reckon-gradle"
            ],
            "locked": "1.1-groovy-2.4"
        }
    }
}