# This is a Gradle generated file for dependency locking.
# Manual edits can break the build and are not advised.
# This file is expected to be part of source control.
com.github.zafarkhaja:java-semver:0.10.2=runtimeClasspath,testRuntimeClasspath
com.googlecode.javaewah:JavaEWAH:1.2.3=compatTestCompileClasspath,compatTestRuntimeClasspath,compileClasspath,runtimeClasspath,testCompileClasspath,testRuntimeClasspath
commons-codec:commons-codec:1.17.0=compatTestCompileClasspath,compatTestRuntimeClasspath,compileClasspath,runtimeClasspath,testCompileClasspath,testRuntimeClasspath
org.apache.commons:commons-lang3:3.18.0=runtimeClasspath,testRuntimeClasspath
org.apache.groovy:groovy-bom:4.0.4=compatTestCompileClasspath,compatTestRuntimeClasspath
org.apache.groovy:groovy:4.0.4=compatTestCompileClasspath,compatTestRuntimeClasspath
org.apiguardian:apiguardian-api:1.1.2=compatTestCompileClasspath
org.eclipse.jgit:org.eclipse.jgit:6.10.1.202505221210-r=compatTestCompileClasspath,compatTestRuntimeClasspath,compileClasspath,runtimeClasspath,testCompileClasspath,testRuntimeClasspath
org.hamcrest:hamcrest:2.2=compatTestCompileClasspath,compatTestRuntimeClasspath
org.junit.platform:junit-platform-commons:1.9.0=compatTestCompileClasspath,compatTestRuntimeClasspath
org.junit.platform:junit-platform-engine:1.9.0=compatTestCompileClasspath,compatTestRuntimeClasspath
org.junit.platform:junit-platform-launcher:1.9.0=compatTestRuntimeClasspath
org.junit:junit-bom:5.9.0=compatTestCompileClasspath,compatTestRuntimeClasspath
org.opentest4j:opentest4j:1.2.0=compatTestCompileClasspath,compatTestRuntimeClasspath
org.slf4j:slf4j-api:1.7.36=compatTestCompileClasspath,compatTestRuntimeClasspath,compileClasspath,testCompileClasspath
org.slf4j:slf4j-api:2.1.0-alpha1=runtimeClasspath,testRuntimeClasspath
org.spockframework:spock-core:2.3-groovy-4.0=compatTestCompileClasspath,compatTestRuntimeClasspath
empty=annotationProcessor,compatTestAnnotationProcessor,signatures,testAnnotationProcessor
