# This is a Gradle generated file for dependency locking.
# Manual edits can break the build and are not advised.
# This file is expected to be part of source control.
com.github.zafarkhaja:java-semver:0.10.2=compileClasspath,runtimeClasspath,testCompileClasspath,testRuntimeClasspath
com.googlecode.javaewah:JavaEWAH:1.2.3=compileClasspath,runtimeClasspath,testCompileClasspath,testRuntimeClasspath
commons-codec:commons-codec:1.17.0=compileClasspath,runtimeClasspath,testCompileClasspath,testRuntimeClasspath
net.bytebuddy:byte-buddy-agent:1.15.4=testCompileClasspath,testRuntimeClasspath
net.bytebuddy:byte-buddy:1.15.4=testCompileClasspath,testRuntimeClasspath
org.apache.commons:commons-lang3:3.17.0=compileClasspath,runtimeClasspath,testCompileClasspath,testRuntimeClasspath
org.apiguardian:apiguardian-api:1.1.2=testCompileClasspath
org.eclipse.jgit:org.eclipse.jgit:6.10.0.202406032230-r=compileClasspath,runtimeClasspath,testCompileClasspath,testRuntimeClasspath
org.junit.jupiter:junit-jupiter-api:5.11.3=testCompileClasspath,testRuntimeClasspath
org.junit.jupiter:junit-jupiter-engine:5.11.3=testRuntimeClasspath
org.junit.jupiter:junit-jupiter-params:5.11.3=testCompileClasspath,testRuntimeClasspath
org.junit.jupiter:junit-jupiter:5.11.3=testCompileClasspath,testRuntimeClasspath
org.junit.platform:junit-platform-commons:1.11.3=testCompileClasspath,testRuntimeClasspath
org.junit.platform:junit-platform-engine:1.11.3=testRuntimeClasspath
org.junit.platform:junit-platform-launcher:1.11.3=testRuntimeClasspath
org.junit:junit-bom:5.11.3=testCompileClasspath,testRuntimeClasspath
org.mockito:mockito-core:5.14.2=testCompileClasspath,testRuntimeClasspath
org.objenesis:objenesis:3.3=testRuntimeClasspath
org.opentest4j:opentest4j:1.3.0=testCompileClasspath,testRuntimeClasspath
org.slf4j:slf4j-api:2.1.0-alpha1=compileClasspath,runtimeClasspath,testCompileClasspath,testRuntimeClasspath
org.slf4j:slf4j-simple:2.1.0-alpha1=testRuntimeClasspath
empty=annotationProcessor,signatures,testAnnotationProcessor
